
Microsoft Visual Studio Solution File, Format Version 12.00
# Visual Studio Version 16
VisualStudioVersion = 16.0.29424.173
MinimumVisualStudioVersion = 10.0.40219.1
Project("{9A19103F-16F7-4668-BE54-9A1E7A4F7556}") = "On.MongoMigrations", "On.MongoMigrations.csproj", "{35D0008D-EE10-42D9-9B6A-038E0185B46E}"
EndProject
Project("{9A19103F-16F7-4668-BE54-9A1E7A4F7556}") = "Domain", "..\Domain Application\Domain.csproj", "{D6740D07-86ED-4113-A930-40961715226B}"
EndProject
Global
	GlobalSection(SolutionConfigurationPlatforms) = preSolution
		Debug|Any CPU = Debug|Any CPU
		Release|Any CPU = Release|Any CPU
	EndGlobalSection
	GlobalSection(ProjectConfigurationPlatforms) = postSolution
		{35D0008D-EE10-42D9-9B6A-038E0185B46E}.Debug|Any CPU.ActiveCfg = Debug|Any CPU
		{35D0008D-EE10-42D9-9B6A-038E0185B46E}.Debug|Any CPU.Build.0 = Debug|Any CPU
		{35D0008D-EE10-42D9-9B6A-038E0185B46E}.Release|Any CPU.ActiveCfg = Release|Any CPU
		{35D0008D-EE10-42D9-9B6A-038E0185B46E}.Release|Any CPU.Build.0 = Release|Any CPU
		{D6740D07-86ED-4113-A930-40961715226B}.Debug|Any CPU.ActiveCfg = Debug|Any CPU
		{D6740D07-86ED-4113-A930-40961715226B}.Debug|Any CPU.Build.0 = Debug|Any CPU
		{D6740D07-86ED-4113-A930-40961715226B}.Release|Any CPU.ActiveCfg = Release|Any CPU
		{D6740D07-86ED-4113-A930-40961715226B}.Release|Any CPU.Build.0 = Release|Any CPU
	EndGlobalSection
	GlobalSection(SolutionProperties) = preSolution
		HideSolutionNode = FALSE
	EndGlobalSection
	GlobalSection(ExtensibilityGlobals) = postSolution
		SolutionGuid = {40C2DF0B-94C8-4788-9774-D4BDBB54BCD0}
	EndGlobalSection
EndGlobal
